
Microsoft Visual Studio Solution File, Format Version 12.00
# Visual Studio Version 17
VisualStudioVersion = 17.3.32825.248
MinimumVisualStudioVersion = 10.0.40219.1
Project("{FAE04EC0-301F-11D3-BF4B-00C04F79EFBC}") = "BruteforceLibrary", "BruteforceLibrary\BruteforceLibrary.csproj", "{100741E5-0CA4-450A-8559-7D6DF39D18D6}"
EndProject
Project("{FAE04EC0-301F-11D3-BF4B-00C04F79EFBC}") = "BruteforceConsole", "BruteforceConsole\BruteforceConsole.csproj", "{368C6357-5F2E-4A5D-8A60-702B01620CA4}"
EndProject
Global
	GlobalSection(SolutionConfigurationPlatforms) = preSolution
		Debug|Any CPU = Debug|Any CPU
		Release|Any CPU = Release|Any CPU
	EndGlobalSection
	GlobalSection(ProjectConfigurationPlatforms) = postSolution
		{100741E5-0CA4-450A-8559-7D6DF39D18D6}.Debug|Any CPU.ActiveCfg = Debug|Any CPU
		{100741E5-0CA4-450A-8559-7D6DF39D18D6}.Debug|Any CPU.Build.0 = Debug|Any CPU
		{100741E5-0CA4-450A-8559-7D6DF39D18D6}.Release|Any CPU.ActiveCfg = Release|Any CPU
		{100741E5-0CA4-450A-8559-7D6DF39D18D6}.Release|Any CPU.Build.0 = Release|Any CPU
		{368C6357-5F2E-4A5D-8A60-702B01620CA4}.Debug|Any CPU.ActiveCfg = Debug|Any CPU
		{368C6357-5F2E-4A5D-8A60-702B01620CA4}.Debug|Any CPU.Build.0 = Debug|Any CPU
		{368C6357-5F2E-4A5D-8A60-702B01620CA4}.Release|Any CPU.ActiveCfg = Release|Any CPU
		{368C6357-5F2E-4A5D-8A60-702B01620CA4}.Release|Any CPU.Build.0 = Release|Any CPU
	EndGlobalSection
	GlobalSection(SolutionProperties) = preSolution
		HideSolutionNode = FALSE
	EndGlobalSection
	GlobalSection(ExtensibilityGlobals) = postSolution
		SolutionGuid = {09AF0563-EB26-4058-BC39-586D7FFE1EDB}
	EndGlobalSection
EndGlobal
